
Microsoft Visual Studio Solution File, Format Version 12.00
# Visual Studio Version 16
VisualStudioVersion = 16.0.30503.244
MinimumVisualStudioVersion = 10.0.40219.1
Project("{888888A0-9F3D-457C-B088-3A5042F75D52}") = "python_hesaplama örnek1", "python_hesaplama örnek1\python_hesaplama örnek1.pyproj", "{96AF0A57-0DF3-49A1-A85F-5BA3AB35EAF2}"
EndProject
Global
	GlobalSection(SolutionConfigurationPlatforms) = preSolution
		Debug|Any CPU = Debug|Any CPU
		Release|Any CPU = Release|Any CPU
	EndGlobalSection
	GlobalSection(ProjectConfigurationPlatforms) = postSolution
		{96AF0A57-0DF3-49A1-A85F-5BA3AB35EAF2}.Debug|Any CPU.ActiveCfg = Debug|Any CPU
		{96AF0A57-0DF3-49A1-A85F-5BA3AB35EAF2}.Release|Any CPU.ActiveCfg = Release|Any CPU
	EndGlobalSection
	GlobalSection(SolutionProperties) = preSolution
		HideSolutionNode = FALSE
	EndGlobalSection
	GlobalSection(ExtensibilityGlobals) = postSolution
		SolutionGuid = {A9018DDF-7800-4C06-AF09-30B8F34AD52D}
	EndGlobalSection
EndGlobal
